
Microsoft Visual Studio Solution File, Format Version 12.00
# Visual Studio Version 17
VisualStudioVersion = 17.0.31903.59
MinimumVisualStudioVersion = 10.0.40219.1
Project("{9A19103F-16F7-4668-BE54-9A1E7A4F7556}") = "BlazorPilet1", "blazor-pilet1\BlazorPilet1.csproj", "{C3F5CF34-B828-410C-95CC-F458A8AAC2EF}"
EndProject
Project("{9A19103F-16F7-4668-BE54-9A1E7A4F7556}") = "BlazorPilet2", "blazor-pilet2\BlazorPilet2.csproj", "{FFDB6870-FD2C-40E2-95E1-564781DADD66}"
EndProject
Project("{FAE04EC0-301F-11D3-BF4B-00C04F79EFBC}") = "Shared.Models", "Shared.Models\Shared.Models.csproj", "{F10772FD-E466-48E8-B5A3-E7391F2C14E3}"
EndProject
Global
	GlobalSection(SolutionConfigurationPlatforms) = preSolution
		Debug|Any CPU = Debug|Any CPU
		Release|Any CPU = Release|Any CPU
	EndGlobalSection
	GlobalSection(ProjectConfigurationPlatforms) = postSolution
		{C3F5CF34-B828-410C-95CC-F458A8AAC2EF}.Debug|Any CPU.ActiveCfg = Debug|Any CPU
		{C3F5CF34-B828-410C-95CC-F458A8AAC2EF}.Debug|Any CPU.Build.0 = Debug|Any CPU
		{C3F5CF34-B828-410C-95CC-F458A8AAC2EF}.Release|Any CPU.ActiveCfg = Release|Any CPU
		{C3F5CF34-B828-410C-95CC-F458A8AAC2EF}.Release|Any CPU.Build.0 = Release|Any CPU
		{FFDB6870-FD2C-40E2-95E1-564781DADD66}.Debug|Any CPU.ActiveCfg = Debug|Any CPU
		{FFDB6870-FD2C-40E2-95E1-564781DADD66}.Debug|Any CPU.Build.0 = Debug|Any CPU
		{FFDB6870-FD2C-40E2-95E1-564781DADD66}.Release|Any CPU.ActiveCfg = Release|Any CPU
		{FFDB6870-FD2C-40E2-95E1-564781DADD66}.Release|Any CPU.Build.0 = Release|Any CPU
		{F10772FD-E466-48E8-B5A3-E7391F2C14E3}.Debug|Any CPU.ActiveCfg = Debug|Any CPU
		{F10772FD-E466-48E8-B5A3-E7391F2C14E3}.Debug|Any CPU.Build.0 = Debug|Any CPU
		{F10772FD-E466-48E8-B5A3-E7391F2C14E3}.Release|Any CPU.ActiveCfg = Release|Any CPU
		{F10772FD-E466-48E8-B5A3-E7391F2C14E3}.Release|Any CPU.Build.0 = Release|Any CPU
	EndGlobalSection
	GlobalSection(SolutionProperties) = preSolution
		HideSolutionNode = FALSE
	EndGlobalSection
	GlobalSection(ExtensibilityGlobals) = postSolution
		SolutionGuid = {5B3C7093-EFC7-4132-BAD6-079FFB1CD7F5}
	EndGlobalSection
EndGlobal
